cloud.google.com/go v0.110.2 h1:sdFPBr6xG9/wkBbfhmUz/JmZC7X6LavQgcrVINrKiVA=
cloud.google.com/go/firestore v1.13.0 h1:QNTyXl6I5pMfgkpDHkm6dmv5HkMOTzx/TiKFjF7BQ5A=
cloud.google.com/go/firestore v1.13.0/go.mod h1:QWa9k5u0pFHIGGX+mFB2v6XKXLEWd/T2JpPz4VbN1z4=
firebase.google.com/go/v4 v4.12.0 h1:Mm2Ak8N+NQAhTxKJVJcxEyW8mBOLKJCo3j/vXDLe6Q=
firebase.google.com/go/v4 v4.12.0/go.mod h1:L2jdZS7Ls6zPOc8CXHCj2EbT4JbZF/J+dSL8+8VuSU=
github.com/gin-gonic/gin v1.9.1 h1:4idEAncQnU5cB7BeOkPtxjfCSye0AAm1R0RVIqJ+Jmg=
github.com/gin-gonic/gin v1.9.1/go.mod h1:hPrL7YrpYKXt5YId3A/Tnip5kqbEAP+KLuI3SUcPTeU=
github.com/gorilla/websocket v1.5.3 h1:saDtZ6Pbx/0u+bgYQ3q96pZgCzfhKXGPqt7kZ72aNNg=
github.com/gorilla/websocket v1.5.3/go.mod h1:YR8l580nyteQvAITg2hZ9XVh4b55+EU/adAjf1fMHhE=
go.uber.org/zap v1.25.0 h1:4Hvk6GtkucQ790dqmj7l1eEnRdKm3k3ZUrUMS2d5+5c=
go.uber.org/zap v1.25.0/go.mod h1:JIAUzQIH94IC4fOJQm7gMmBJP5k7wQfdcnYdPoEXJYk=
google.golang.org/api v0.126.0 h1:q4GJq+cAdMAC7XP7njvQ4tvohGLiSlytuL4BQxbIZ+o=
google.golang.org/api v0.126.0/go.mod h1:mBwVAtz+87bEN6CbA1GtZPDOqY2R5ONPqJeIlvyo4Aw=
google.golang.org/grpc v1.56.2 h1:fVRFRnXvU+x6C4IlHZewvJOVHoOv1TUuQyoRsYnB4bI=
google.golang.org/grpc v1.56.2/go.mod h1:I9bI3vqKfayGqPUAwGdOSu7kt6oIJLixfffKrpXqQ9s=
